
Microsoft Visual Studio Solution File, Format Version 12.00
# Visual Studio Version 16
VisualStudioVersion = 16.0.29025.244
MinimumVisualStudioVersion = 10.0.40219.1
Project("{FAE04EC0-301F-11D3-BF4B-00C04F79EFBC}") = "Service", "Service\Service.csproj", "{A5FCAB72-8AAC-46F6-A325-855595AC0EC5}"
EndProject
Project("{FAE04EC0-301F-11D3-BF4B-00C04F79EFBC}") = "DTO", "DTO\DTO.csproj", "{5832F778-13A5-4FB0-BC4D-7DAFC89CF5D6}"
EndProject
Project("{FAE04EC0-301F-11D3-BF4B-00C04F79EFBC}") = "Common", "Common\Common.csproj", "{5D6734B0-B277-4B6F-88E6-5FC44143564B}"
EndProject
Project("{FAE04EC0-301F-11D3-BF4B-00C04F79EFBC}") = "LEL", "LEL\LEL.csproj", "{69FBCB2A-3D82-4BA3-BDA8-8A50290F8627}"
EndProject
Project("{FAE04EC0-301F-11D3-BF4B-00C04F79EFBC}") = "LELAdmin", "LELAdmin\LELAdmin.csproj", "{BB20400D-B1E6-4C41-B5EA-BCE8EB5B21B0}"
EndProject
Project("{9A19103F-16F7-4668-BE54-9A1E7A4F7556}") = "MP", "MP\MP.csproj", "{16BCCF77-A9D5-4335-818A-FAD53F216C08}"
EndProject
Project("{9A19103F-16F7-4668-BE54-9A1E7A4F7556}") = "Senparc.Weixin.MP.CoreSample.CommonService", "Senparc.Weixin.MP.Sample.CommonService\Senparc.Weixin.MP.CoreSample.CommonService.csproj", "{E175ABD2-FD0B-4384-9AD2-11E7E9FB399C}"
EndProject
Project("{FAE04EC0-301F-11D3-BF4B-00C04F79EFBC}") = "WebApplication1", "WebApplication1\WebApplication1.csproj", "{2E383AFC-D907-4012-8374-6A6465F800BD}"
EndProject
Global
	GlobalSection(SolutionConfigurationPlatforms) = preSolution
		Debug|Any CPU = Debug|Any CPU
		Debug|x86 = Debug|x86
		Release|Any CPU = Release|Any CPU
		Release|x86 = Release|x86
	EndGlobalSection
	GlobalSection(ProjectConfigurationPlatforms) = postSolution
		{A5FCAB72-8AAC-46F6-A325-855595AC0EC5}.Debug|Any CPU.ActiveCfg = Debug|Any CPU
		{A5FCAB72-8AAC-46F6-A325-855595AC0EC5}.Debug|Any CPU.Build.0 = Debug|Any CPU
		{A5FCAB72-8AAC-46F6-A325-855595AC0EC5}.Debug|x86.ActiveCfg = Debug|Any CPU
		{A5FCAB72-8AAC-46F6-A325-855595AC0EC5}.Debug|x86.Build.0 = Debug|Any CPU
		{A5FCAB72-8AAC-46F6-A325-855595AC0EC5}.Release|Any CPU.ActiveCfg = Release|Any CPU
		{A5FCAB72-8AAC-46F6-A325-855595AC0EC5}.Release|Any CPU.Build.0 = Release|Any CPU
		{A5FCAB72-8AAC-46F6-A325-855595AC0EC5}.Release|x86.ActiveCfg = Release|Any CPU
		{A5FCAB72-8AAC-46F6-A325-855595AC0EC5}.Release|x86.Build.0 = Release|Any CPU
		{5832F778-13A5-4FB0-BC4D-7DAFC89CF5D6}.Debug|Any CPU.ActiveCfg = Debug|Any CPU
		{5832F778-13A5-4FB0-BC4D-7DAFC89CF5D6}.Debug|Any CPU.Build.0 = Debug|Any CPU
		{5832F778-13A5-4FB0-BC4D-7DAFC89CF5D6}.Debug|x86.ActiveCfg = Debug|Any CPU
		{5832F778-13A5-4FB0-BC4D-7DAFC89CF5D6}.Debug|x86.Build.0 = Debug|Any CPU
		{5832F778-13A5-4FB0-BC4D-7DAFC89CF5D6}.Release|Any CPU.ActiveCfg = Release|Any CPU
		{5832F778-13A5-4FB0-BC4D-7DAFC89CF5D6}.Release|Any CPU.Build.0 = Release|Any CPU
		{5832F778-13A5-4FB0-BC4D-7DAFC89CF5D6}.Release|x86.ActiveCfg = Release|Any CPU
		{5832F778-13A5-4FB0-BC4D-7DAFC89CF5D6}.Release|x86.Build.0 = Release|Any CPU
		{5D6734B0-B277-4B6F-88E6-5FC44143564B}.Debug|Any CPU.ActiveCfg = Debug|Any CPU
		{5D6734B0-B277-4B6F-88E6-5FC44143564B}.Debug|Any CPU.Build.0 = Debug|Any CPU
		{5D6734B0-B277-4B6F-88E6-5FC44143564B}.Debug|x86.ActiveCfg = Debug|Any CPU
		{5D6734B0-B277-4B6F-88E6-5FC44143564B}.Debug|x86.Build.0 = Debug|Any CPU
		{5D6734B0-B277-4B6F-88E6-5FC44143564B}.Release|Any CPU.ActiveCfg = Release|Any CPU
		{5D6734B0-B277-4B6F-88E6-5FC44143564B}.Release|Any CPU.Build.0 = Release|Any CPU
		{5D6734B0-B277-4B6F-88E6-5FC44143564B}.Release|x86.ActiveCfg = Release|Any CPU
		{5D6734B0-B277-4B6F-88E6-5FC44143564B}.Release|x86.Build.0 = Release|Any CPU
		{69FBCB2A-3D82-4BA3-BDA8-8A50290F8627}.Debug|Any CPU.ActiveCfg = Debug|Any CPU
		{69FBCB2A-3D82-4BA3-BDA8-8A50290F8627}.Debug|Any CPU.Build.0 = Debug|Any CPU
		{69FBCB2A-3D82-4BA3-BDA8-8A50290F8627}.Debug|x86.ActiveCfg = Debug|Any CPU
		{69FBCB2A-3D82-4BA3-BDA8-8A50290F8627}.Debug|x86.Build.0 = Debug|Any CPU
		{69FBCB2A-3D82-4BA3-BDA8-8A50290F8627}.Release|Any CPU.ActiveCfg = Release|Any CPU
		{69FBCB2A-3D82-4BA3-BDA8-8A50290F8627}.Release|Any CPU.Build.0 = Release|Any CPU
		{69FBCB2A-3D82-4BA3-BDA8-8A50290F8627}.Release|x86.ActiveCfg = Release|Any CPU
		{69FBCB2A-3D82-4BA3-BDA8-8A50290F8627}.Release|x86.Build.0 = Release|Any CPU
		{BB20400D-B1E6-4C41-B5EA-BCE8EB5B21B0}.Debug|Any CPU.ActiveCfg = Debug|Any CPU
		{BB20400D-B1E6-4C41-B5EA-BCE8EB5B21B0}.Debug|Any CPU.Build.0 = Debug|Any CPU
		{BB20400D-B1E6-4C41-B5EA-BCE8EB5B21B0}.Debug|x86.ActiveCfg = Debug|Any CPU
		{BB20400D-B1E6-4C41-B5EA-BCE8EB5B21B0}.Debug|x86.Build.0 = Debug|Any CPU
		{BB20400D-B1E6-4C41-B5EA-BCE8EB5B21B0}.Release|Any CPU.ActiveCfg = Release|Any CPU
		{BB20400D-B1E6-4C41-B5EA-BCE8EB5B21B0}.Release|Any CPU.Build.0 = Release|Any CPU
		{BB20400D-B1E6-4C41-B5EA-BCE8EB5B21B0}.Release|x86.ActiveCfg = Release|Any CPU
		{BB20400D-B1E6-4C41-B5EA-BCE8EB5B21B0}.Release|x86.Build.0 = Release|Any CPU
		{16BCCF77-A9D5-4335-818A-FAD53F216C08}.Debug|Any CPU.ActiveCfg = Debug|Any CPU
		{16BCCF77-A9D5-4335-818A-FAD53F216C08}.Debug|Any CPU.Build.0 = Debug|Any CPU
		{16BCCF77-A9D5-4335-818A-FAD53F216C08}.Debug|x86.ActiveCfg = Debug|Any CPU
		{16BCCF77-A9D5-4335-818A-FAD53F216C08}.Debug|x86.Build.0 = Debug|Any CPU
		{16BCCF77-A9D5-4335-818A-FAD53F216C08}.Release|Any CPU.ActiveCfg = Release|Any CPU
		{16BCCF77-A9D5-4335-818A-FAD53F216C08}.Release|Any CPU.Build.0 = Release|Any CPU
		{16BCCF77-A9D5-4335-818A-FAD53F216C08}.Release|x86.ActiveCfg = Release|Any CPU
		{16BCCF77-A9D5-4335-818A-FAD53F216C08}.Release|x86.Build.0 = Release|Any CPU
		{E175ABD2-FD0B-4384-9AD2-11E7E9FB399C}.Debug|Any CPU.ActiveCfg = Debug|Any CPU
		{E175ABD2-FD0B-4384-9AD2-11E7E9FB399C}.Debug|Any CPU.Build.0 = Debug|Any CPU
		{E175ABD2-FD0B-4384-9AD2-11E7E9FB399C}.Debug|x86.ActiveCfg = Debug|Any CPU
		{E175ABD2-FD0B-4384-9AD2-11E7E9FB399C}.Debug|x86.Build.0 = Debug|Any CPU
		{E175ABD2-FD0B-4384-9AD2-11E7E9FB399C}.Release|Any CPU.ActiveCfg = Release|Any CPU
		{E175ABD2-FD0B-4384-9AD2-11E7E9FB399C}.Release|Any CPU.Build.0 = Release|Any CPU
		{E175ABD2-FD0B-4384-9AD2-11E7E9FB399C}.Release|x86.ActiveCfg = Release|Any CPU
		{E175ABD2-FD0B-4384-9AD2-11E7E9FB399C}.Release|x86.Build.0 = Release|Any CPU
		{2E383AFC-D907-4012-8374-6A6465F800BD}.Debug|Any CPU.ActiveCfg = Debug|Any CPU
		{2E383AFC-D907-4012-8374-6A6465F800BD}.Debug|Any CPU.Build.0 = Debug|Any CPU
		{2E383AFC-D907-4012-8374-6A6465F800BD}.Debug|x86.ActiveCfg = Debug|Any CPU
		{2E383AFC-D907-4012-8374-6A6465F800BD}.Debug|x86.Build.0 = Debug|Any CPU
		{2E383AFC-D907-4012-8374-6A6465F800BD}.Release|Any CPU.ActiveCfg = Release|Any CPU
		{2E383AFC-D907-4012-8374-6A6465F800BD}.Release|Any CPU.Build.0 = Release|Any CPU
		{2E383AFC-D907-4012-8374-6A6465F800BD}.Release|x86.ActiveCfg = Release|Any CPU
		{2E383AFC-D907-4012-8374-6A6465F800BD}.Release|x86.Build.0 = Release|Any CPU
	EndGlobalSection
	GlobalSection(SolutionProperties) = preSolution
		HideSolutionNode = FALSE
	EndGlobalSection
	GlobalSection(ExtensibilityGlobals) = postSolution
		SolutionGuid = {50677054-B726-46FB-A56E-CA004F8E3AB8}
	EndGlobalSection
EndGlobal
