
Microsoft Visual Studio Solution File, Format Version 12.00
# Visual Studio 15
VisualStudioVersion = 15.0.28307.489
MinimumVisualStudioVersion = 10.0.40219.1
Project("{FAE04EC0-301F-11D3-BF4B-00C04F79EFBC}") = "Service", "Service\Service.csproj", "{A5FCAB72-8AAC-46F6-A325-855595AC0EC5}"
EndProject
Project("{FAE04EC0-301F-11D3-BF4B-00C04F79EFBC}") = "DTO", "DTO\DTO.csproj", "{5832F778-13A5-4FB0-BC4D-7DAFC89CF5D6}"
EndProject
Project("{FAE04EC0-301F-11D3-BF4B-00C04F79EFBC}") = "Common", "Common\Common.csproj", "{5D6734B0-B277-4B6F-88E6-5FC44143564B}"
EndProject
Project("{FAE04EC0-301F-11D3-BF4B-00C04F79EFBC}") = "LEL", "LEL\LEL.csproj", "{69FBCB2A-3D82-4BA3-BDA8-8A50290F8627}"
EndProject
Project("{FAE04EC0-301F-11D3-BF4B-00C04F79EFBC}") = "LELAdmin", "LELAdmin\LELAdmin.csproj", "{BB20400D-B1E6-4C41-B5EA-BCE8EB5B21B0}"
EndProject
Project("{FAE04EC0-301F-11D3-BF4B-00C04F79EFBC}") = "ServiceTests1", "ServiceTests1\ServiceTests1.csproj", "{1C729268-7999-4C8F-8B76-37FC141DFBFE}"
EndProject
Project("{FAE04EC0-301F-11D3-BF4B-00C04F79EFBC}") = "WebApplication1", "WebApplication1\WebApplication1.csproj", "{DF50EEDD-BA93-4EC9-AB90-3B8141690788}"
EndProject
Global
	GlobalSection(SolutionConfigurationPlatforms) = preSolution
		Debug|Any CPU = Debug|Any CPU
		Release|Any CPU = Release|Any CPU
	EndGlobalSection
	GlobalSection(ProjectConfigurationPlatforms) = postSolution
		{A5FCAB72-8AAC-46F6-A325-855595AC0EC5}.Debug|Any CPU.ActiveCfg = Debug|Any CPU
		{A5FCAB72-8AAC-46F6-A325-855595AC0EC5}.Debug|Any CPU.Build.0 = Debug|Any CPU
		{A5FCAB72-8AAC-46F6-A325-855595AC0EC5}.Release|Any CPU.ActiveCfg = Release|Any CPU
		{A5FCAB72-8AAC-46F6-A325-855595AC0EC5}.Release|Any CPU.Build.0 = Release|Any CPU
		{5832F778-13A5-4FB0-BC4D-7DAFC89CF5D6}.Debug|Any CPU.ActiveCfg = Debug|Any CPU
		{5832F778-13A5-4FB0-BC4D-7DAFC89CF5D6}.Debug|Any CPU.Build.0 = Debug|Any CPU
		{5832F778-13A5-4FB0-BC4D-7DAFC89CF5D6}.Release|Any CPU.ActiveCfg = Release|Any CPU
		{5832F778-13A5-4FB0-BC4D-7DAFC89CF5D6}.Release|Any CPU.Build.0 = Release|Any CPU
		{5D6734B0-B277-4B6F-88E6-5FC44143564B}.Debug|Any CPU.ActiveCfg = Debug|Any CPU
		{5D6734B0-B277-4B6F-88E6-5FC44143564B}.Debug|Any CPU.Build.0 = Debug|Any CPU
		{5D6734B0-B277-4B6F-88E6-5FC44143564B}.Release|Any CPU.ActiveCfg = Release|Any CPU
		{5D6734B0-B277-4B6F-88E6-5FC44143564B}.Release|Any CPU.Build.0 = Release|Any CPU
		{69FBCB2A-3D82-4BA3-BDA8-8A50290F8627}.Debug|Any CPU.ActiveCfg = Debug|Any CPU
		{69FBCB2A-3D82-4BA3-BDA8-8A50290F8627}.Debug|Any CPU.Build.0 = Debug|Any CPU
		{69FBCB2A-3D82-4BA3-BDA8-8A50290F8627}.Release|Any CPU.ActiveCfg = Release|Any CPU
		{69FBCB2A-3D82-4BA3-BDA8-8A50290F8627}.Release|Any CPU.Build.0 = Release|Any CPU
		{BB20400D-B1E6-4C41-B5EA-BCE8EB5B21B0}.Debug|Any CPU.ActiveCfg = Debug|Any CPU
		{BB20400D-B1E6-4C41-B5EA-BCE8EB5B21B0}.Debug|Any CPU.Build.0 = Debug|Any CPU
		{BB20400D-B1E6-4C41-B5EA-BCE8EB5B21B0}.Release|Any CPU.ActiveCfg = Release|Any CPU
		{BB20400D-B1E6-4C41-B5EA-BCE8EB5B21B0}.Release|Any CPU.Build.0 = Release|Any CPU
		{1C729268-7999-4C8F-8B76-37FC141DFBFE}.Debug|Any CPU.ActiveCfg = Debug|Any CPU
		{1C729268-7999-4C8F-8B76-37FC141DFBFE}.Debug|Any CPU.Build.0 = Debug|Any CPU
		{1C729268-7999-4C8F-8B76-37FC141DFBFE}.Release|Any CPU.ActiveCfg = Release|Any CPU
		{1C729268-7999-4C8F-8B76-37FC141DFBFE}.Release|Any CPU.Build.0 = Release|Any CPU
		{DF50EEDD-BA93-4EC9-AB90-3B8141690788}.Debug|Any CPU.ActiveCfg = Debug|Any CPU
		{DF50EEDD-BA93-4EC9-AB90-3B8141690788}.Debug|Any CPU.Build.0 = Debug|Any CPU
		{DF50EEDD-BA93-4EC9-AB90-3B8141690788}.Release|Any CPU.ActiveCfg = Release|Any CPU
		{DF50EEDD-BA93-4EC9-AB90-3B8141690788}.Release|Any CPU.Build.0 = Release|Any CPU
	EndGlobalSection
	GlobalSection(SolutionProperties) = preSolution
		HideSolutionNode = FALSE
	EndGlobalSection
	GlobalSection(ExtensibilityGlobals) = postSolution
		SolutionGuid = {50677054-B726-46FB-A56E-CA004F8E3AB8}
	EndGlobalSection
EndGlobal
